
Microsoft Visual Studio Solution File, Format Version 12.00
# Visual Studio Version 17
VisualStudioVersion = 17.4.33213.308
MinimumVisualStudioVersion = 10.0.40219.1
Project("{9A19103F-16F7-4668-BE54-9A1E7A4F7556}") = "NotissimusOffers", "NotissimusOffers\NotissimusOffers.csproj", "{020A9D13-5341-410C-B871-07455D12F2BB}"
EndProject
Project("{E53339B2-1760-4266-BCC7-CA923CBCF16C}") = "docker-compose", "docker-compose.dcproj", "{76816FBF-0512-4027-BDDE-130FF72AE952}"
EndProject
Project("{FAE04EC0-301F-11D3-BF4B-00C04F79EFBC}") = "NotissimusOffers.Tests", "NotissimusOffers.Tests\NotissimusOffers.Tests.csproj", "{CFE486AD-548B-436D-A01E-689360073CE0}"
EndProject
Global
	GlobalSection(SolutionConfigurationPlatforms) = preSolution
		Debug|Any CPU = Debug|Any CPU
		Release|Any CPU = Release|Any CPU
	EndGlobalSection
	GlobalSection(ProjectConfigurationPlatforms) = postSolution
		{020A9D13-5341-410C-B871-07455D12F2BB}.Debug|Any CPU.ActiveCfg = Debug|Any CPU
		{020A9D13-5341-410C-B871-07455D12F2BB}.Debug|Any CPU.Build.0 = Debug|Any CPU
		{020A9D13-5341-410C-B871-07455D12F2BB}.Release|Any CPU.ActiveCfg = Release|Any CPU
		{020A9D13-5341-410C-B871-07455D12F2BB}.Release|Any CPU.Build.0 = Release|Any CPU
		{76816FBF-0512-4027-BDDE-130FF72AE952}.Debug|Any CPU.ActiveCfg = Debug|Any CPU
		{76816FBF-0512-4027-BDDE-130FF72AE952}.Debug|Any CPU.Build.0 = Debug|Any CPU
		{76816FBF-0512-4027-BDDE-130FF72AE952}.Release|Any CPU.ActiveCfg = Release|Any CPU
		{76816FBF-0512-4027-BDDE-130FF72AE952}.Release|Any CPU.Build.0 = Release|Any CPU
		{CFE486AD-548B-436D-A01E-689360073CE0}.Debug|Any CPU.ActiveCfg = Debug|Any CPU
		{CFE486AD-548B-436D-A01E-689360073CE0}.Debug|Any CPU.Build.0 = Debug|Any CPU
		{CFE486AD-548B-436D-A01E-689360073CE0}.Release|Any CPU.ActiveCfg = Release|Any CPU
		{CFE486AD-548B-436D-A01E-689360073CE0}.Release|Any CPU.Build.0 = Release|Any CPU
	EndGlobalSection
	GlobalSection(SolutionProperties) = preSolution
		HideSolutionNode = FALSE
	EndGlobalSection
	GlobalSection(ExtensibilityGlobals) = postSolution
		SolutionGuid = {64C7097C-3DE7-465C-AC44-95098638919F}
	EndGlobalSection
EndGlobal
